
Microsoft Visual Studio Solution File, Format Version 12.00
# Visual Studio Version 16
VisualStudioVersion = 16.0.30011.22
MinimumVisualStudioVersion = 10.0.40219.1
Project("{FAE04EC0-301F-11D3-BF4B-00C04F79EFBC}") = "SnakeGame", "SnakeGame.csproj", "{C3165716-9B2C-4654-B02B-B82B33F8B5B1}"
EndProject
Global
	GlobalSection(SolutionConfigurationPlatforms) = preSolution
		Debug|Any CPU = Debug|Any CPU
		Release|Any CPU = Release|Any CPU
	EndGlobalSection
	GlobalSection(ProjectConfigurationPlatforms) = postSolution
		{C3165716-9B2C-4654-B02B-B82B33F8B5B1}.Debug|Any CPU.ActiveCfg = Debug|Any CPU
		{C3165716-9B2C-4654-B02B-B82B33F8B5B1}.Debug|Any CPU.Build.0 = Debug|Any CPU
		{C3165716-9B2C-4654-B02B-B82B33F8B5B1}.Release|Any CPU.ActiveCfg = Release|Any CPU
		{C3165716-9B2C-4654-B02B-B82B33F8B5B1}.Release|Any CPU.Build.0 = Release|Any CPU
	EndGlobalSection
	GlobalSection(SolutionProperties) = preSolution
		HideSolutionNode = FALSE
	EndGlobalSection
	GlobalSection(ExtensibilityGlobals) = postSolution
		SolutionGuid = {673CD58E-DFAF-4FD6-B7EF-519AC9CE0217}
	EndGlobalSection
EndGlobal
